
Microsoft Visual Studio Solution File, Format Version 12.00
# Visual Studio 14
VisualStudioVersion = 14.0.24720.0
MinimumVisualStudioVersion = 10.0.40219.1
Project("{2150E333-8FDC-42A3-9474-1A3956D46DE8}") = "Test", "Test", "{A7600C23-BE2A-4923-B5CA-A4DEDCD81315}"
EndProject
Project("{2150E333-8FDC-42A3-9474-1A3956D46DE8}") = "Business_Logic", "Business_Logic", "{E6B2B8E8-162C-420B-AF19-CBF7EADB6A47}"
EndProject
Project("{2150E333-8FDC-42A3-9474-1A3956D46DE8}") = "Application", "Application", "{DF64DDF1-C4B8-4E45-B0C2-63C7FCB8D341}"
EndProject
Project("{2150E333-8FDC-42A3-9474-1A3956D46DE8}") = "Control", "Control", "{B9FD68F2-2C26-4CBA-85A9-FD3BB5C1F9B6}"
EndProject
Project("{2150E333-8FDC-42A3-9474-1A3956D46DE8}") = "Model", "Model", "{ECE3E6A6-16BA-4924-9C2C-CF6B6FE3CED4}"
EndProject
Project("{2150E333-8FDC-42A3-9474-1A3956D46DE8}") = "DAL", "DAL", "{F31A9EC4-439B-4416-BD7C-A0DD1DC0EC30}"
EndProject
Project("{2150E333-8FDC-42A3-9474-1A3956D46DE8}") = "WCF", "WCF", "{A655A15A-7979-4748-A013-B767193F0A1E}"
EndProject
Project("{2150E333-8FDC-42A3-9474-1A3956D46DE8}") = "Client", "Client", "{FBCAFA40-E89F-4F95-8E09-65B7AB6C16B0}"
EndProject
Project("{2150E333-8FDC-42A3-9474-1A3956D46DE8}") = "Web", "Web", "{6C38BA4A-8E40-4802-B091-8199DA9060AD}"
EndProject
Project("{2150E333-8FDC-42A3-9474-1A3956D46DE8}") = "MVC", "MVC", "{825336C2-E9C1-4ED2-AA83-889A8025EB48}"
EndProject
Project("{FAE04EC0-301F-11D3-BF4B-00C04F79EFBC}") = "BetBudTest", "BetBudTest\BetBudTest.csproj", "{F3C96C58-7CBF-450A-9775-0C6042491E3C}"
EndProject
Global
	GlobalSection(SolutionConfigurationPlatforms) = preSolution
		Debug|Any CPU = Debug|Any CPU
		Release|Any CPU = Release|Any CPU
	EndGlobalSection
	GlobalSection(ProjectConfigurationPlatforms) = postSolution
		{F3C96C58-7CBF-450A-9775-0C6042491E3C}.Debug|Any CPU.ActiveCfg = Debug|Any CPU
		{F3C96C58-7CBF-450A-9775-0C6042491E3C}.Debug|Any CPU.Build.0 = Debug|Any CPU
		{F3C96C58-7CBF-450A-9775-0C6042491E3C}.Release|Any CPU.ActiveCfg = Release|Any CPU
		{F3C96C58-7CBF-450A-9775-0C6042491E3C}.Release|Any CPU.Build.0 = Release|Any CPU
	EndGlobalSection
	GlobalSection(SolutionProperties) = preSolution
		HideSolutionNode = FALSE
	EndGlobalSection
	GlobalSection(NestedProjects) = preSolution
		{DF64DDF1-C4B8-4E45-B0C2-63C7FCB8D341} = {E6B2B8E8-162C-420B-AF19-CBF7EADB6A47}
		{B9FD68F2-2C26-4CBA-85A9-FD3BB5C1F9B6} = {DF64DDF1-C4B8-4E45-B0C2-63C7FCB8D341}
		{ECE3E6A6-16BA-4924-9C2C-CF6B6FE3CED4} = {DF64DDF1-C4B8-4E45-B0C2-63C7FCB8D341}
		{F31A9EC4-439B-4416-BD7C-A0DD1DC0EC30} = {E6B2B8E8-162C-420B-AF19-CBF7EADB6A47}
		{A655A15A-7979-4748-A013-B767193F0A1E} = {E6B2B8E8-162C-420B-AF19-CBF7EADB6A47}
		{6C38BA4A-8E40-4802-B091-8199DA9060AD} = {FBCAFA40-E89F-4F95-8E09-65B7AB6C16B0}
		{825336C2-E9C1-4ED2-AA83-889A8025EB48} = {6C38BA4A-8E40-4802-B091-8199DA9060AD}
		{F3C96C58-7CBF-450A-9775-0C6042491E3C} = {A7600C23-BE2A-4923-B5CA-A4DEDCD81315}
	EndGlobalSection
EndGlobal
