
Microsoft Visual Studio Solution File, Format Version 12.00
# Visual Studio 14
VisualStudioVersion = 14.0.24720.0
MinimumVisualStudioVersion = 10.0.40219.1
Project("{FAE04EC0-301F-11D3-BF4B-00C04F79EFBC}") = "BetBuddy", "BetBuddy\BetBuddy.csproj", "{4A1BB3A3-ADA0-464B-AEE7-26FE2C2828B9}"
EndProject
Project("{FAE04EC0-301F-11D3-BF4B-00C04F79EFBC}") = "BetBuddy.Tests", "BetBuddy.Tests\BetBuddy.Tests.csproj", "{32FC4EB8-1860-4959-844C-C42A5FE2BE45}"
EndProject
Project("{FAE04EC0-301F-11D3-BF4B-00C04F79EFBC}") = "applicationLayer", "applicationLayer\applicationLayer.csproj", "{721FA670-E3C7-4659-9240-6C58752A9918}"
EndProject
Project("{FAE04EC0-301F-11D3-BF4B-00C04F79EFBC}") = "Service", "ServiceLayer\Service.csproj", "{8D199C6B-286B-4F22-85B5-861A959FBB16}"
EndProject
Project("{2150E333-8FDC-42A3-9474-1A3956D46DE8}") = "DAL Lag", "DAL Lag", "{237A4A8E-DDCD-481C-B077-9B7725E39AFF}"
EndProject
Project("{2150E333-8FDC-42A3-9474-1A3956D46DE8}") = "Windows Communication Foundation Lag", "Windows Communication Foundation Lag", "{2EF76033-69D5-4ED2-895E-67F8746D66FB}"
EndProject
Project("{2150E333-8FDC-42A3-9474-1A3956D46DE8}") = "Test Lag", "Test Lag", "{86413204-A843-441D-BA9F-4EFCC2F3F559}"
EndProject
Project("{2150E333-8FDC-42A3-9474-1A3956D46DE8}") = "Client", "Client", "{FA038091-6530-40BD-AF13-BD7814D035E4}"
EndProject
Project("{2150E333-8FDC-42A3-9474-1A3956D46DE8}") = "Web", "Web", "{8933A2C7-3B62-4216-BC6E-514F5B4BDA44}"
EndProject
Project("{2150E333-8FDC-42A3-9474-1A3956D46DE8}") = "Model Lag", "Model Lag", "{8744CEB0-9833-480D-9F27-9585B3E0745C}"
EndProject
Project("{2150E333-8FDC-42A3-9474-1A3956D46DE8}") = "Business Logic Layer", "Business Logic Layer", "{14C5200D-76DC-4D60-97B1-850F0F199F93}"
EndProject
Project("{2150E333-8FDC-42A3-9474-1A3956D46DE8}") = "Application Layer", "Application Layer", "{EF21757F-85B9-4C78-B09C-299F904A8B87}"
EndProject
Project("{2150E333-8FDC-42A3-9474-1A3956D46DE8}") = "Control Lag", "Control Lag", "{13EE1F53-D515-4E5F-87A4-850EB6BC818E}"
EndProject
Project("{2150E333-8FDC-42A3-9474-1A3956D46DE8}") = "Data Access Lag", "Data Access Lag", "{BC6A6192-A871-456A-947F-9EF8E7FF17B6}"
EndProject
Global
	GlobalSection(SolutionConfigurationPlatforms) = preSolution
		Debug|Any CPU = Debug|Any CPU
		Release|Any CPU = Release|Any CPU
	EndGlobalSection
	GlobalSection(ProjectConfigurationPlatforms) = postSolution
		{4A1BB3A3-ADA0-464B-AEE7-26FE2C2828B9}.Debug|Any CPU.ActiveCfg = Debug|Any CPU
		{4A1BB3A3-ADA0-464B-AEE7-26FE2C2828B9}.Debug|Any CPU.Build.0 = Debug|Any CPU
		{4A1BB3A3-ADA0-464B-AEE7-26FE2C2828B9}.Release|Any CPU.ActiveCfg = Release|Any CPU
		{4A1BB3A3-ADA0-464B-AEE7-26FE2C2828B9}.Release|Any CPU.Build.0 = Release|Any CPU
		{32FC4EB8-1860-4959-844C-C42A5FE2BE45}.Debug|Any CPU.ActiveCfg = Debug|Any CPU
		{32FC4EB8-1860-4959-844C-C42A5FE2BE45}.Debug|Any CPU.Build.0 = Debug|Any CPU
		{32FC4EB8-1860-4959-844C-C42A5FE2BE45}.Release|Any CPU.ActiveCfg = Release|Any CPU
		{32FC4EB8-1860-4959-844C-C42A5FE2BE45}.Release|Any CPU.Build.0 = Release|Any CPU
		{721FA670-E3C7-4659-9240-6C58752A9918}.Debug|Any CPU.ActiveCfg = Debug|Any CPU
		{721FA670-E3C7-4659-9240-6C58752A9918}.Debug|Any CPU.Build.0 = Debug|Any CPU
		{721FA670-E3C7-4659-9240-6C58752A9918}.Release|Any CPU.ActiveCfg = Release|Any CPU
		{721FA670-E3C7-4659-9240-6C58752A9918}.Release|Any CPU.Build.0 = Release|Any CPU
		{8D199C6B-286B-4F22-85B5-861A959FBB16}.Debug|Any CPU.ActiveCfg = Debug|Any CPU
		{8D199C6B-286B-4F22-85B5-861A959FBB16}.Debug|Any CPU.Build.0 = Debug|Any CPU
		{8D199C6B-286B-4F22-85B5-861A959FBB16}.Release|Any CPU.ActiveCfg = Release|Any CPU
		{8D199C6B-286B-4F22-85B5-861A959FBB16}.Release|Any CPU.Build.0 = Release|Any CPU
	EndGlobalSection
	GlobalSection(SolutionProperties) = preSolution
		HideSolutionNode = FALSE
	EndGlobalSection
	GlobalSection(NestedProjects) = preSolution
		{4A1BB3A3-ADA0-464B-AEE7-26FE2C2828B9} = {8933A2C7-3B62-4216-BC6E-514F5B4BDA44}
		{32FC4EB8-1860-4959-844C-C42A5FE2BE45} = {86413204-A843-441D-BA9F-4EFCC2F3F559}
		{721FA670-E3C7-4659-9240-6C58752A9918} = {EF21757F-85B9-4C78-B09C-299F904A8B87}
		{8D199C6B-286B-4F22-85B5-861A959FBB16} = {2EF76033-69D5-4ED2-895E-67F8746D66FB}
		{2EF76033-69D5-4ED2-895E-67F8746D66FB} = {14C5200D-76DC-4D60-97B1-850F0F199F93}
		{8933A2C7-3B62-4216-BC6E-514F5B4BDA44} = {FA038091-6530-40BD-AF13-BD7814D035E4}
		{8744CEB0-9833-480D-9F27-9585B3E0745C} = {14C5200D-76DC-4D60-97B1-850F0F199F93}
		{EF21757F-85B9-4C78-B09C-299F904A8B87} = {14C5200D-76DC-4D60-97B1-850F0F199F93}
		{13EE1F53-D515-4E5F-87A4-850EB6BC818E} = {14C5200D-76DC-4D60-97B1-850F0F199F93}
		{BC6A6192-A871-456A-947F-9EF8E7FF17B6} = {14C5200D-76DC-4D60-97B1-850F0F199F93}
	EndGlobalSection
EndGlobal
