
Microsoft Visual Studio Solution File, Format Version 12.00
# Visual Studio 14
VisualStudioVersion = 14.0.24720.0
MinimumVisualStudioVersion = 10.0.40219.1
Project("{FAE04EC0-301F-11D3-BF4B-00C04F79EFBC}") = "Service", "ServiceLayer\Service.csproj", "{8D199C6B-286B-4F22-85B5-861A959FBB16}"
EndProject
Project("{2150E333-8FDC-42A3-9474-1A3956D46DE8}") = "DAL Lag", "DAL Lag", "{237A4A8E-DDCD-481C-B077-9B7725E39AFF}"
EndProject
Project("{2150E333-8FDC-42A3-9474-1A3956D46DE8}") = "WCF", "WCF", "{2EF76033-69D5-4ED2-895E-67F8746D66FB}"
EndProject
Project("{2150E333-8FDC-42A3-9474-1A3956D46DE8}") = "Test", "Test", "{86413204-A843-441D-BA9F-4EFCC2F3F559}"
EndProject
Project("{2150E333-8FDC-42A3-9474-1A3956D46DE8}") = "Client", "Client", "{FA038091-6530-40BD-AF13-BD7814D035E4}"
EndProject
Project("{2150E333-8FDC-42A3-9474-1A3956D46DE8}") = "MVC", "MVC", "{8933A2C7-3B62-4216-BC6E-514F5B4BDA44}"
EndProject
Project("{2150E333-8FDC-42A3-9474-1A3956D46DE8}") = "Model", "Model", "{8744CEB0-9833-480D-9F27-9585B3E0745C}"
EndProject
Project("{2150E333-8FDC-42A3-9474-1A3956D46DE8}") = "BLL", "BLL", "{14C5200D-76DC-4D60-97B1-850F0F199F93}"
EndProject
Project("{2150E333-8FDC-42A3-9474-1A3956D46DE8}") = "Application", "Application", "{EF21757F-85B9-4C78-B09C-299F904A8B87}"
EndProject
Project("{2150E333-8FDC-42A3-9474-1A3956D46DE8}") = "Control", "Control", "{13EE1F53-D515-4E5F-87A4-850EB6BC818E}"
EndProject
Project("{2150E333-8FDC-42A3-9474-1A3956D46DE8}") = "DAL", "DAL", "{BC6A6192-A871-456A-947F-9EF8E7FF17B6}"
EndProject
Project("{FAE04EC0-301F-11D3-BF4B-00C04F79EFBC}") = "BetBuddyTest", "BetBuddyTest\BetBuddyTest.csproj", "{9907A0B3-5216-4ECC-AD88-00AEADA7A66B}"
EndProject
Project("{FAE04EC0-301F-11D3-BF4B-00C04F79EFBC}") = "BetBuddyMVC", "BetBuddyMVC\BetBuddyMVC.csproj", "{E614C3AC-6935-4228-BBB0-DAE447A0CAC7}"
EndProject
Global
	GlobalSection(SolutionConfigurationPlatforms) = preSolution
		Debug|Any CPU = Debug|Any CPU
		Release|Any CPU = Release|Any CPU
	EndGlobalSection
	GlobalSection(ProjectConfigurationPlatforms) = postSolution
		{8D199C6B-286B-4F22-85B5-861A959FBB16}.Debug|Any CPU.ActiveCfg = Debug|Any CPU
		{8D199C6B-286B-4F22-85B5-861A959FBB16}.Debug|Any CPU.Build.0 = Debug|Any CPU
		{8D199C6B-286B-4F22-85B5-861A959FBB16}.Release|Any CPU.ActiveCfg = Release|Any CPU
		{8D199C6B-286B-4F22-85B5-861A959FBB16}.Release|Any CPU.Build.0 = Release|Any CPU
		{9907A0B3-5216-4ECC-AD88-00AEADA7A66B}.Debug|Any CPU.ActiveCfg = Debug|Any CPU
		{9907A0B3-5216-4ECC-AD88-00AEADA7A66B}.Debug|Any CPU.Build.0 = Debug|Any CPU
		{9907A0B3-5216-4ECC-AD88-00AEADA7A66B}.Release|Any CPU.ActiveCfg = Release|Any CPU
		{9907A0B3-5216-4ECC-AD88-00AEADA7A66B}.Release|Any CPU.Build.0 = Release|Any CPU
		{E614C3AC-6935-4228-BBB0-DAE447A0CAC7}.Debug|Any CPU.ActiveCfg = Debug|Any CPU
		{E614C3AC-6935-4228-BBB0-DAE447A0CAC7}.Debug|Any CPU.Build.0 = Debug|Any CPU
		{E614C3AC-6935-4228-BBB0-DAE447A0CAC7}.Release|Any CPU.ActiveCfg = Release|Any CPU
		{E614C3AC-6935-4228-BBB0-DAE447A0CAC7}.Release|Any CPU.Build.0 = Release|Any CPU
	EndGlobalSection
	GlobalSection(SolutionProperties) = preSolution
		HideSolutionNode = FALSE
	EndGlobalSection
	GlobalSection(NestedProjects) = preSolution
		{8D199C6B-286B-4F22-85B5-861A959FBB16} = {2EF76033-69D5-4ED2-895E-67F8746D66FB}
		{2EF76033-69D5-4ED2-895E-67F8746D66FB} = {14C5200D-76DC-4D60-97B1-850F0F199F93}
		{8933A2C7-3B62-4216-BC6E-514F5B4BDA44} = {FA038091-6530-40BD-AF13-BD7814D035E4}
		{8744CEB0-9833-480D-9F27-9585B3E0745C} = {EF21757F-85B9-4C78-B09C-299F904A8B87}
		{EF21757F-85B9-4C78-B09C-299F904A8B87} = {14C5200D-76DC-4D60-97B1-850F0F199F93}
		{13EE1F53-D515-4E5F-87A4-850EB6BC818E} = {EF21757F-85B9-4C78-B09C-299F904A8B87}
		{BC6A6192-A871-456A-947F-9EF8E7FF17B6} = {14C5200D-76DC-4D60-97B1-850F0F199F93}
		{9907A0B3-5216-4ECC-AD88-00AEADA7A66B} = {86413204-A843-441D-BA9F-4EFCC2F3F559}
		{E614C3AC-6935-4228-BBB0-DAE447A0CAC7} = {8933A2C7-3B62-4216-BC6E-514F5B4BDA44}
	EndGlobalSection
EndGlobal
